// !$*UTF8*$!
{
	archiveVersion = 1;
	classes = {
	};
	objectVersion = 50;
	objects = {

/* Begin PBXBuildFile section */
		560081E22229743B00EEC6C2 /* GroupedCollectionPlugin.swift in Sources */ = {isa = PBXBuildFile; fileRef = 560081E12229743B00EEC6C2 /* GroupedCollectionPlugin.swift */; };
		560081E5222975AC00EEC6C2 /* SourcePluginFilter.swift in Sources */ = {isa = PBXBuildFile; fileRef = 560081E4222975AC00EEC6C2 /* SourcePluginFilter.swift */; };
		560081E7222975BF00EEC6C2 /* SourcePluginEvents.swift in Sources */ = {isa = PBXBuildFile; fileRef = 560081E6222975BF00EEC6C2 /* SourcePluginEvents.swift */; };
		560081F22229DDEA00EEC6C2 /* SourcePluginLifecycle.swift in Sources */ = {isa = PBXBuildFile; fileRef = 560081F12229DDEA00EEC6C2 /* SourcePluginLifecycle.swift */; };
		560081F92229E78F00EEC6C2 /* CollectionSource+Sections.swift in Sources */ = {isa = PBXBuildFile; fileRef = 560081F82229E78F00EEC6C2 /* CollectionSource+Sections.swift */; };
		5615AB16212377D10047664F /* SourceDiff+Section.swift in Sources */ = {isa = PBXBuildFile; fileRef = 5615AB15212377D10047664F /* SourceDiff+Section.swift */; };
		5615AB1A21237EF60047664F /* User.swift in Sources */ = {isa = PBXBuildFile; fileRef = 5615AB1921237EF60047664F /* User.swift */; };
		5615AB1C21237F0D0047664F /* Product.swift in Sources */ = {isa = PBXBuildFile; fileRef = 5615AB1B21237F0D0047664F /* Product.swift */; };
		56288A16212DBAE30053C888 /* DescriptorConfiguration.swift in Sources */ = {isa = PBXBuildFile; fileRef = 56288A15212DBAE30053C888 /* DescriptorConfiguration.swift */; };
		56289DEB211E2CE40041AC8A /* UICollectionView.swift in Sources */ = {isa = PBXBuildFile; fileRef = 56289DEA211E2CE40041AC8A /* UICollectionView.swift */; };
		56289DEE211E33AB0041AC8A /* SourceDiff.swift in Sources */ = {isa = PBXBuildFile; fileRef = 56289DED211E33AB0041AC8A /* SourceDiff.swift */; };
		56289DF0211E66AC0041AC8A /* CollectionSource+UICollectionViewDelegateFlowLayout.swift in Sources */ = {isa = PBXBuildFile; fileRef = 56289DEF211E66AC0041AC8A /* CollectionSource+UICollectionViewDelegateFlowLayout.swift */; };
		56289DF2211E67E50041AC8A /* SectionTests.swift in Sources */ = {isa = PBXBuildFile; fileRef = 56289DF1211E67E50041AC8A /* SectionTests.swift */; };
		56289DF4211E68C40041AC8A /* ModelTests.swift in Sources */ = {isa = PBXBuildFile; fileRef = 56289DF3211E68C40041AC8A /* ModelTests.swift */; };
		56289DF7211F28780041AC8A /* Descriptor.swift in Sources */ = {isa = PBXBuildFile; fileRef = 56289DF6211F28780041AC8A /* Descriptor.swift */; };
		56289DFF211F392F0041AC8A /* Binder.swift in Sources */ = {isa = PBXBuildFile; fileRef = 56289DFE211F392F0041AC8A /* Binder.swift */; };
		56289E01211F39460041AC8A /* Bindable.swift in Sources */ = {isa = PBXBuildFile; fileRef = 56289E00211F39460041AC8A /* Bindable.swift */; };
		56289E03211F395E0041AC8A /* CellBinder.swift in Sources */ = {isa = PBXBuildFile; fileRef = 56289E02211F395E0041AC8A /* CellBinder.swift */; };
		562F15C321431C14006459BE /* CollectionSource+Models.swift in Sources */ = {isa = PBXBuildFile; fileRef = 562F15C221431C14006459BE /* CollectionSource+Models.swift */; };
		5645EFDF211E22BD00B66E3B /* PulsarKit.framework in Frameworks */ = {isa = PBXBuildFile; fileRef = 5645EFD5211E22BD00B66E3B /* PulsarKit.framework */; };
		5645EFE4211E22BD00B66E3B /* CollectionSourceTests.swift in Sources */ = {isa = PBXBuildFile; fileRef = 5645EFE3211E22BD00B66E3B /* CollectionSourceTests.swift */; };
		5645EFE6211E22BD00B66E3B /* PulsarKit.h in Headers */ = {isa = PBXBuildFile; fileRef = 5645EFD8211E22BD00B66E3B /* PulsarKit.h */; settings = {ATTRIBUTES = (Public, ); }; };
		5645EFF1211E22E900B66E3B /* CollectionSource.swift in Sources */ = {isa = PBXBuildFile; fileRef = 5645EFF0211E22E900B66E3B /* CollectionSource.swift */; };
		5645EFF3211E231600B66E3B /* Source.swift in Sources */ = {isa = PBXBuildFile; fileRef = 5645EFF2211E231600B66E3B /* Source.swift */; };
		5645EFF5211E233700B66E3B /* SourceSection.swift in Sources */ = {isa = PBXBuildFile; fileRef = 5645EFF4211E233700B66E3B /* SourceSection.swift */; };
		5645EFFC211E29EE00B66E3B /* CollectionSource+UICollectionViewDataSource.swift in Sources */ = {isa = PBXBuildFile; fileRef = 5645EFFB211E29EE00B66E3B /* CollectionSource+UICollectionViewDataSource.swift */; };
		5645EFFE211E2A3000B66E3B /* CollectionSource+UICollectionViewDelegate.swift in Sources */ = {isa = PBXBuildFile; fileRef = 5645EFFD211E2A3000B66E3B /* CollectionSource+UICollectionViewDelegate.swift */; };
		564658BB21690EEC00B5EBAD /* CollectionSource+Dispatch.swift in Sources */ = {isa = PBXBuildFile; fileRef = 564658BA21690EEC00B5EBAD /* CollectionSource+Dispatch.swift */; };
		564658BD216912F100B5EBAD /* ActionContext.swift in Sources */ = {isa = PBXBuildFile; fileRef = 564658BC216912F100B5EBAD /* ActionContext.swift */; };
		564658BF2169130300B5EBAD /* CellContext.swift in Sources */ = {isa = PBXBuildFile; fileRef = 564658BE2169130300B5EBAD /* CellContext.swift */; };
		5673AF6222935C19009687DD /* ClosureBinder.swift in Sources */ = {isa = PBXBuildFile; fileRef = 5673AF6122935C19009687DD /* ClosureBinder.swift */; };
		5673B434212222C5008741A6 /* ChangeSet.swift in Sources */ = {isa = PBXBuildFile; fileRef = 5673B433212222C5008741A6 /* ChangeSet.swift */; };
		5673B43621222F5C008741A6 /* DescriptorFactory.swift in Sources */ = {isa = PBXBuildFile; fileRef = 5673B43521222F5C008741A6 /* DescriptorFactory.swift */; };
		567533D22226EF3B003C5BD8 /* InfiniteScrollingPlugin.swift in Sources */ = {isa = PBXBuildFile; fileRef = 567533D12226EF3B003C5BD8 /* InfiniteScrollingPlugin.swift */; };
		567533D42226F770003C5BD8 /* ScrollContext.swift in Sources */ = {isa = PBXBuildFile; fileRef = 567533D32226F770003C5BD8 /* ScrollContext.swift */; };
		569D8802214EF26600DB9F9E /* UIScrollView.swift in Sources */ = {isa = PBXBuildFile; fileRef = 569D8801214EF26600DB9F9E /* UIScrollView.swift */; };
		569D8804214F00B200DB9F9E /* CollectionDescriptor.swift in Sources */ = {isa = PBXBuildFile; fileRef = 569D8803214F00B200DB9F9E /* CollectionDescriptor.swift */; };
		56B08A2A21372DEB00F8AFF5 /* PluginTests.swift in Sources */ = {isa = PBXBuildFile; fileRef = 56B08A2921372DEB00F8AFF5 /* PluginTests.swift */; };
		56B08A2C21372F8600F8AFF5 /* TestPlugin.swift in Sources */ = {isa = PBXBuildFile; fileRef = 56B08A2B21372F8600F8AFF5 /* TestPlugin.swift */; };
		56B08A2E213736AA00F8AFF5 /* CollectionEvents.swift in Sources */ = {isa = PBXBuildFile; fileRef = 56B08A2D213736AA00F8AFF5 /* CollectionEvents.swift */; };
		56B4AA69212334EC0099999F /* PerformanceTests.swift in Sources */ = {isa = PBXBuildFile; fileRef = 56B4AA68212334EC0099999F /* PerformanceTests.swift */; };
		56B7F8A12131A5D200C9D0F6 /* KeyboardHandlerPlugin.swift in Sources */ = {isa = PBXBuildFile; fileRef = 56B7F8A02131A5D200C9D0F6 /* KeyboardHandlerPlugin.swift */; };
		56B7F8A32131A84400C9D0F6 /* UIView.swift in Sources */ = {isa = PBXBuildFile; fileRef = 56B7F8A22131A84400C9D0F6 /* UIView.swift */; };
		56B7F8A52131A8F000C9D0F6 /* SourcePlugin.swift in Sources */ = {isa = PBXBuildFile; fileRef = 56B7F8A42131A8F000C9D0F6 /* SourcePlugin.swift */; };
		56B7F8A72131AB0F00C9D0F6 /* PageControlPlugin.swift in Sources */ = {isa = PBXBuildFile; fileRef = 56B7F8A62131AB0F00C9D0F6 /* PageControlPlugin.swift */; };
		56D542642182496900A70C20 /* CollectionSourceViewController.swift in Sources */ = {isa = PBXBuildFile; fileRef = 56D542632182496900A70C20 /* CollectionSourceViewController.swift */; };
		56DA04D121223657006BE217 /* AutolayoutSize.swift in Sources */ = {isa = PBXBuildFile; fileRef = 5673B43E21223557008741A6 /* AutolayoutSize.swift */; };
		56DA04D221223657006BE217 /* CompositeSize.swift in Sources */ = {isa = PBXBuildFile; fileRef = 5673B43B21223557008741A6 /* CompositeSize.swift */; };
		56DA04D321223657006BE217 /* ContainerSize.swift in Sources */ = {isa = PBXBuildFile; fileRef = 5673B43D21223557008741A6 /* ContainerSize.swift */; };
		56DA04D421223657006BE217 /* FixedSize.swift in Sources */ = {isa = PBXBuildFile; fileRef = 5673B43921223557008741A6 /* FixedSize.swift */; };
		56DA04D521223657006BE217 /* SegmentedSize.swift in Sources */ = {isa = PBXBuildFile; fileRef = 5673B43A21223557008741A6 /* SegmentedSize.swift */; };
		56DA04D621223657006BE217 /* TableSize.swift in Sources */ = {isa = PBXBuildFile; fileRef = 5673B43C21223557008741A6 /* TableSize.swift */; };
		56DA04D721223657006BE217 /* Sizeable.swift in Sources */ = {isa = PBXBuildFile; fileRef = 56289DFB211F340D0041AC8A /* Sizeable.swift */; };
		56E8726D214C5F7E0011E625 /* Array.swift in Sources */ = {isa = PBXBuildFile; fileRef = 56E8726C214C5F7E0011E625 /* Array.swift */; };
		56E87271214C62050011E625 /* UICollectionViewDataSourceTests.swift in Sources */ = {isa = PBXBuildFile; fileRef = 56E87270214C62050011E625 /* UICollectionViewDataSourceTests.swift */; };
		56E87274214C7A300011E625 /* StandardContext.swift in Sources */ = {isa = PBXBuildFile; fileRef = 56E87273214C7A300011E625 /* StandardContext.swift */; };
		56EE073621309D5D0000B7D1 /* DescriptorBuilder.swift in Sources */ = {isa = PBXBuildFile; fileRef = 56EE073521309D5D0000B7D1 /* DescriptorBuilder.swift */; };
		56EE073821309F1B0000B7D1 /* DescriptorTests.swift in Sources */ = {isa = PBXBuildFile; fileRef = 56EE073721309F1B0000B7D1 /* DescriptorTests.swift */; };
		56EE073A21309F330000B7D1 /* User1CollectionViewCell.swift in Sources */ = {isa = PBXBuildFile; fileRef = 56EE073921309F330000B7D1 /* User1CollectionViewCell.swift */; };
		56EE073E2130A3800000B7D1 /* MyCustomDescriptor.swift in Sources */ = {isa = PBXBuildFile; fileRef = 56EE073D2130A3800000B7D1 /* MyCustomDescriptor.swift */; };
		56EE07402130A4C70000B7D1 /* MyCustomBinder.swift in Sources */ = {isa = PBXBuildFile; fileRef = 56EE073F2130A4C70000B7D1 /* MyCustomBinder.swift */; };
		56EE07422130A8150000B7D1 /* ModelBinder.swift in Sources */ = {isa = PBXBuildFile; fileRef = 56EE07412130A8150000B7D1 /* ModelBinder.swift */; };
		56EE07462130A8C90000B7D1 /* AnyBinder.swift in Sources */ = {isa = PBXBuildFile; fileRef = 56EE07452130A8C90000B7D1 /* AnyBinder.swift */; };
		56FB0049230419D5004BDA58 /* SourceSection+Models.swift in Sources */ = {isa = PBXBuildFile; fileRef = 56FB0048230419D5004BDA58 /* SourceSection+Models.swift */; };
/* End PBXBuildFile section */

/* Begin PBXContainerItemProxy section */
		5645EFE0211E22BD00B66E3B /* PBXContainerItemProxy */ = {
			isa = PBXContainerItemProxy;
			containerPortal = 5645EFCC211E22BD00B66E3B /* Project object */;
			proxyType = 1;
			remoteGlobalIDString = 5645EFD4211E22BD00B66E3B;
			remoteInfo = PulsarKit;
		};
/* End PBXContainerItemProxy section */

/* Begin PBXFileReference section */
		560081E12229743B00EEC6C2 /* GroupedCollectionPlugin.swift */ = {isa = PBXFileReference; lastKnownFileType = sourcecode.swift; path = GroupedCollectionPlugin.swift; sourceTree = "<group>"; };
		560081E4222975AC00EEC6C2 /* SourcePluginFilter.swift */ = {isa = PBXFileReference; lastKnownFileType = sourcecode.swift; path = SourcePluginFilter.swift; sourceTree = "<group>"; };
		560081E6222975BF00EEC6C2 /* SourcePluginEvents.swift */ = {isa = PBXFileReference; lastKnownFileType = sourcecode.swift; path = SourcePluginEvents.swift; sourceTree = "<group>"; };
		560081F12229DDEA00EEC6C2 /* SourcePluginLifecycle.swift */ = {isa = PBXFileReference; lastKnownFileType = sourcecode.swift; path = SourcePluginLifecycle.swift; sourceTree = "<group>"; };
		560081F82229E78F00EEC6C2 /* CollectionSource+Sections.swift */ = {isa = PBXFileReference; lastKnownFileType = sourcecode.swift; path = "CollectionSource+Sections.swift"; sourceTree = "<group>"; };
		5615AB15212377D10047664F /* SourceDiff+Section.swift */ = {isa = PBXFileReference; lastKnownFileType = sourcecode.swift; path = "SourceDiff+Section.swift"; sourceTree = "<group>"; };
		5615AB1921237EF60047664F /* User.swift */ = {isa = PBXFileReference; lastKnownFileType = sourcecode.swift; path = User.swift; sourceTree = "<group>"; };
		5615AB1B21237F0D0047664F /* Product.swift */ = {isa = PBXFileReference; lastKnownFileType = sourcecode.swift; path = Product.swift; sourceTree = "<group>"; };
		56288A15212DBAE30053C888 /* DescriptorConfiguration.swift */ = {isa = PBXFileReference; lastKnownFileType = sourcecode.swift; path = DescriptorConfiguration.swift; sourceTree = "<group>"; };
		56289DEA211E2CE40041AC8A /* UICollectionView.swift */ = {isa = PBXFileReference; lastKnownFileType = sourcecode.swift; path = UICollectionView.swift; sourceTree = "<group>"; };
		56289DED211E33AB0041AC8A /* SourceDiff.swift */ = {isa = PBXFileReference; lastKnownFileType = sourcecode.swift; path = SourceDiff.swift; sourceTree = "<group>"; };
		56289DEF211E66AC0041AC8A /* CollectionSource+UICollectionViewDelegateFlowLayout.swift */ = {isa = PBXFileReference; lastKnownFileType = sourcecode.swift; path = "CollectionSource+UICollectionViewDelegateFlowLayout.swift"; sourceTree = "<group>"; };
		56289DF1211E67E50041AC8A /* SectionTests.swift */ = {isa = PBXFileReference; lastKnownFileType = sourcecode.swift; path = SectionTests.swift; sourceTree = "<group>"; };
		56289DF3211E68C40041AC8A /* ModelTests.swift */ = {isa = PBXFileReference; lastKnownFileType = sourcecode.swift; path = ModelTests.swift; sourceTree = "<group>"; };
		56289DF6211F28780041AC8A /* Descriptor.swift */ = {isa = PBXFileReference; lastKnownFileType = sourcecode.swift; path = Descriptor.swift; sourceTree = "<group>"; };
		56289DFB211F340D0041AC8A /* Sizeable.swift */ = {isa = PBXFileReference; lastKnownFileType = sourcecode.swift; path = Sizeable.swift; sourceTree = "<group>"; };
		56289DFE211F392F0041AC8A /* Binder.swift */ = {isa = PBXFileReference; lastKnownFileType = sourcecode.swift; path = Binder.swift; sourceTree = "<group>"; };
		56289E00211F39460041AC8A /* Bindable.swift */ = {isa = PBXFileReference; lastKnownFileType = sourcecode.swift; path = Bindable.swift; sourceTree = "<group>"; };
		56289E02211F395E0041AC8A /* CellBinder.swift */ = {isa = PBXFileReference; lastKnownFileType = sourcecode.swift; path = CellBinder.swift; sourceTree = "<group>"; };
		562F15C221431C14006459BE /* CollectionSource+Models.swift */ = {isa = PBXFileReference; lastKnownFileType = sourcecode.swift; path = "CollectionSource+Models.swift"; sourceTree = "<group>"; };
		5645EFD5211E22BD00B66E3B /* PulsarKit.framework */ = {isa = PBXFileReference; explicitFileType = wrapper.framework; includeInIndex = 0; path = PulsarKit.framework; sourceTree = BUILT_PRODUCTS_DIR; };
		5645EFD8211E22BD00B66E3B /* PulsarKit.h */ = {isa = PBXFileReference; lastKnownFileType = sourcecode.c.h; path = PulsarKit.h; sourceTree = "<group>"; };
		5645EFD9211E22BD00B66E3B /* Info.plist */ = {isa = PBXFileReference; lastKnownFileType = text.plist.xml; path = Info.plist; sourceTree = "<group>"; };
		5645EFDE211E22BD00B66E3B /* PulsarKitTests.xctest */ = {isa = PBXFileReference; explicitFileType = wrapper.cfbundle; includeInIndex = 0; path = PulsarKitTests.xctest; sourceTree = BUILT_PRODUCTS_DIR; };
		5645EFE3211E22BD00B66E3B /* CollectionSourceTests.swift */ = {isa = PBXFileReference; lastKnownFileType = sourcecode.swift; path = CollectionSourceTests.swift; sourceTree = "<group>"; };
		5645EFE5211E22BD00B66E3B /* Info.plist */ = {isa = PBXFileReference; lastKnownFileType = text.plist.xml; path = Info.plist; sourceTree = "<group>"; };
		5645EFF0211E22E900B66E3B /* CollectionSource.swift */ = {isa = PBXFileReference; lastKnownFileType = sourcecode.swift; path = CollectionSource.swift; sourceTree = "<group>"; };
		5645EFF2211E231600B66E3B /* Source.swift */ = {isa = PBXFileReference; lastKnownFileType = sourcecode.swift; path = Source.swift; sourceTree = "<group>"; };
		5645EFF4211E233700B66E3B /* SourceSection.swift */ = {isa = PBXFileReference; lastKnownFileType = sourcecode.swift; path = SourceSection.swift; sourceTree = "<group>"; };
		5645EFFB211E29EE00B66E3B /* CollectionSource+UICollectionViewDataSource.swift */ = {isa = PBXFileReference; lastKnownFileType = sourcecode.swift; path = "CollectionSource+UICollectionViewDataSource.swift"; sourceTree = "<group>"; };
		5645EFFD211E2A3000B66E3B /* CollectionSource+UICollectionViewDelegate.swift */ = {isa = PBXFileReference; lastKnownFileType = sourcecode.swift; path = "CollectionSource+UICollectionViewDelegate.swift"; sourceTree = "<group>"; };
		564658BA21690EEC00B5EBAD /* CollectionSource+Dispatch.swift */ = {isa = PBXFileReference; lastKnownFileType = sourcecode.swift; path = "CollectionSource+Dispatch.swift"; sourceTree = "<group>"; };
		564658BC216912F100B5EBAD /* ActionContext.swift */ = {isa = PBXFileReference; lastKnownFileType = sourcecode.swift; path = ActionContext.swift; sourceTree = "<group>"; };
		564658BE2169130300B5EBAD /* CellContext.swift */ = {isa = PBXFileReference; lastKnownFileType = sourcecode.swift; path = CellContext.swift; sourceTree = "<group>"; };
		5673AF6122935C19009687DD /* ClosureBinder.swift */ = {isa = PBXFileReference; lastKnownFileType = sourcecode.swift; path = ClosureBinder.swift; sourceTree = "<group>"; };
		5673B433212222C5008741A6 /* ChangeSet.swift */ = {isa = PBXFileReference; lastKnownFileType = sourcecode.swift; path = ChangeSet.swift; sourceTree = "<group>"; };
		5673B43521222F5C008741A6 /* DescriptorFactory.swift */ = {isa = PBXFileReference; lastKnownFileType = sourcecode.swift; path = DescriptorFactory.swift; sourceTree = "<group>"; };
		5673B43921223557008741A6 /* FixedSize.swift */ = {isa = PBXFileReference; lastKnownFileType = sourcecode.swift; path = FixedSize.swift; sourceTree = "<group>"; };
		5673B43A21223557008741A6 /* SegmentedSize.swift */ = {isa = PBXFileReference; lastKnownFileType = sourcecode.swift; path = SegmentedSize.swift; sourceTree = "<group>"; };
		5673B43B21223557008741A6 /* CompositeSize.swift */ = {isa = PBXFileReference; lastKnownFileType = sourcecode.swift; path = CompositeSize.swift; sourceTree = "<group>"; };
		5673B43C21223557008741A6 /* TableSize.swift */ = {isa = PBXFileReference; lastKnownFileType = sourcecode.swift; path = TableSize.swift; sourceTree = "<group>"; };
		5673B43D21223557008741A6 /* ContainerSize.swift */ = {isa = PBXFileReference; lastKnownFileType = sourcecode.swift; path = ContainerSize.swift; sourceTree = "<group>"; };
		5673B43E21223557008741A6 /* AutolayoutSize.swift */ = {isa = PBXFileReference; lastKnownFileType = sourcecode.swift; path = AutolayoutSize.swift; sourceTree = "<group>"; };
		567533D12226EF3B003C5BD8 /* InfiniteScrollingPlugin.swift */ = {isa = PBXFileReference; lastKnownFileType = sourcecode.swift; path = InfiniteScrollingPlugin.swift; sourceTree = "<group>"; };
		567533D32226F770003C5BD8 /* ScrollContext.swift */ = {isa = PBXFileReference; lastKnownFileType = sourcecode.swift; path = ScrollContext.swift; sourceTree = "<group>"; };
		569D8801214EF26600DB9F9E /* UIScrollView.swift */ = {isa = PBXFileReference; lastKnownFileType = sourcecode.swift; path = UIScrollView.swift; sourceTree = "<group>"; };
		569D8803214F00B200DB9F9E /* CollectionDescriptor.swift */ = {isa = PBXFileReference; fileEncoding = 4; lastKnownFileType = sourcecode.swift; path = CollectionDescriptor.swift; sourceTree = "<group>"; };
		56B08A2921372DEB00F8AFF5 /* PluginTests.swift */ = {isa = PBXFileReference; lastKnownFileType = sourcecode.swift; path = PluginTests.swift; sourceTree = "<group>"; };
		56B08A2B21372F8600F8AFF5 /* TestPlugin.swift */ = {isa = PBXFileReference; lastKnownFileType = sourcecode.swift; path = TestPlugin.swift; sourceTree = "<group>"; };
		56B08A2D213736AA00F8AFF5 /* CollectionEvents.swift */ = {isa = PBXFileReference; lastKnownFileType = sourcecode.swift; path = CollectionEvents.swift; sourceTree = "<group>"; };
		56B4AA68212334EC0099999F /* PerformanceTests.swift */ = {isa = PBXFileReference; lastKnownFileType = sourcecode.swift; path = PerformanceTests.swift; sourceTree = "<group>"; };
		56B7F8A02131A5D200C9D0F6 /* KeyboardHandlerPlugin.swift */ = {isa = PBXFileReference; lastKnownFileType = sourcecode.swift; path = KeyboardHandlerPlugin.swift; sourceTree = "<group>"; };
		56B7F8A22131A84400C9D0F6 /* UIView.swift */ = {isa = PBXFileReference; lastKnownFileType = sourcecode.swift; path = UIView.swift; sourceTree = "<group>"; };
		56B7F8A42131A8F000C9D0F6 /* SourcePlugin.swift */ = {isa = PBXFileReference; lastKnownFileType = sourcecode.swift; path = SourcePlugin.swift; sourceTree = "<group>"; };
		56B7F8A62131AB0F00C9D0F6 /* PageControlPlugin.swift */ = {isa = PBXFileReference; lastKnownFileType = sourcecode.swift; path = PageControlPlugin.swift; sourceTree = "<group>"; };
		56D542632182496900A70C20 /* CollectionSourceViewController.swift */ = {isa = PBXFileReference; lastKnownFileType = sourcecode.swift; path = CollectionSourceViewController.swift; sourceTree = "<group>"; };
		56E8726C214C5F7E0011E625 /* Array.swift */ = {isa = PBXFileReference; lastKnownFileType = sourcecode.swift; path = Array.swift; sourceTree = "<group>"; };
		56E87270214C62050011E625 /* UICollectionViewDataSourceTests.swift */ = {isa = PBXFileReference; lastKnownFileType = sourcecode.swift; path = UICollectionViewDataSourceTests.swift; sourceTree = "<group>"; };
		56E87273214C7A300011E625 /* StandardContext.swift */ = {isa = PBXFileReference; lastKnownFileType = sourcecode.swift; path = StandardContext.swift; sourceTree = "<group>"; };
		56EE073521309D5D0000B7D1 /* DescriptorBuilder.swift */ = {isa = PBXFileReference; lastKnownFileType = sourcecode.swift; path = DescriptorBuilder.swift; sourceTree = "<group>"; };
		56EE073721309F1B0000B7D1 /* DescriptorTests.swift */ = {isa = PBXFileReference; lastKnownFileType = sourcecode.swift; path = DescriptorTests.swift; sourceTree = "<group>"; };
		56EE073921309F330000B7D1 /* User1CollectionViewCell.swift */ = {isa = PBXFileReference; lastKnownFileType = sourcecode.swift; path = User1CollectionViewCell.swift; sourceTree = "<group>"; };
		56EE073D2130A3800000B7D1 /* MyCustomDescriptor.swift */ = {isa = PBXFileReference; lastKnownFileType = sourcecode.swift; path = MyCustomDescriptor.swift; sourceTree = "<group>"; };
		56EE073F2130A4C70000B7D1 /* MyCustomBinder.swift */ = {isa = PBXFileReference; lastKnownFileType = sourcecode.swift; path = MyCustomBinder.swift; sourceTree = "<group>"; };
		56EE07412130A8150000B7D1 /* ModelBinder.swift */ = {isa = PBXFileReference; lastKnownFileType = sourcecode.swift; path = ModelBinder.swift; sourceTree = "<group>"; };
		56EE07452130A8C90000B7D1 /* AnyBinder.swift */ = {isa = PBXFileReference; lastKnownFileType = sourcecode.swift; path = AnyBinder.swift; sourceTree = "<group>"; };
		56FB0048230419D5004BDA58 /* SourceSection+Models.swift */ = {isa = PBXFileReference; lastKnownFileType = sourcecode.swift; path = "SourceSection+Models.swift"; sourceTree = "<group>"; };
/* End PBXFileReference section */

/* Begin PBXFrameworksBuildPhase section */
		5645EFD1211E22BD00B66E3B /* Frameworks */ = {
			isa = PBXFrameworksBuildPhase;
			buildActionMask = 2147483647;
			files = (
			);
			runOnlyForDeploymentPostprocessing = 0;
		};
		5645EFDB211E22BD00B66E3B /* Frameworks */ = {
			isa = PBXFrameworksBuildPhase;
			buildActionMask = 2147483647;
			files = (
				5645EFDF211E22BD00B66E3B /* PulsarKit.framework in Frameworks */,
			);
			runOnlyForDeploymentPostprocessing = 0;
		};
/* End PBXFrameworksBuildPhase section */

/* Begin PBXGroup section */
		560081E32229759700EEC6C2 /* Plugin */ = {
			isa = PBXGroup;
			children = (
				56B7F89F2131A5C300C9D0F6 /* Plugins */,
				56B7F8A42131A8F000C9D0F6 /* SourcePlugin.swift */,
				560081E6222975BF00EEC6C2 /* SourcePluginEvents.swift */,
				560081E4222975AC00EEC6C2 /* SourcePluginFilter.swift */,
				560081F12229DDEA00EEC6C2 /* SourcePluginLifecycle.swift */,
			);
			path = Plugin;
			sourceTree = "<group>";
		};
		5615AB1721237ED60047664F /* Models */ = {
			isa = PBXGroup;
			children = (
				56EE073F2130A4C70000B7D1 /* MyCustomBinder.swift */,
				56EE073D2130A3800000B7D1 /* MyCustomDescriptor.swift */,
				5615AB1B21237F0D0047664F /* Product.swift */,
				56B08A2B21372F8600F8AFF5 /* TestPlugin.swift */,
				5615AB1921237EF60047664F /* User.swift */,
				56EE073921309F330000B7D1 /* User1CollectionViewCell.swift */,
			);
			path = Models;
			sourceTree = "<group>";
		};
		5615AB1821237EDD0047664F /* Tests */ = {
			isa = PBXGroup;
			children = (
				5645EFE3211E22BD00B66E3B /* CollectionSourceTests.swift */,
				56EE073721309F1B0000B7D1 /* DescriptorTests.swift */,
				56289DF3211E68C40041AC8A /* ModelTests.swift */,
				56B4AA68212334EC0099999F /* PerformanceTests.swift */,
				56B08A2921372DEB00F8AFF5 /* PluginTests.swift */,
				56289DF1211E67E50041AC8A /* SectionTests.swift */,
				56E87270214C62050011E625 /* UICollectionViewDataSourceTests.swift */,
			);
			path = Tests;
			sourceTree = "<group>";
		};
		56289DE9211E2CD50041AC8A /* Extensions */ = {
			isa = PBXGroup;
			children = (
				56E8726C214C5F7E0011E625 /* Array.swift */,
				56289DEA211E2CE40041AC8A /* UICollectionView.swift */,
				569D8801214EF26600DB9F9E /* UIScrollView.swift */,
				56B7F8A22131A84400C9D0F6 /* UIView.swift */,
			);
			path = Extensions;
			sourceTree = "<group>";
		};
		56289DEC211E2DC20041AC8A /* CollectionSource */ = {
			isa = PBXGroup;
			children = (
				56B08A2D213736AA00F8AFF5 /* CollectionEvents.swift */,
				5645EFF0211E22E900B66E3B /* CollectionSource.swift */,
				564658BA21690EEC00B5EBAD /* CollectionSource+Dispatch.swift */,
				562F15C221431C14006459BE /* CollectionSource+Models.swift */,
				560081F82229E78F00EEC6C2 /* CollectionSource+Sections.swift */,
				5645EFFB211E29EE00B66E3B /* CollectionSource+UICollectionViewDataSource.swift */,
				5645EFFD211E2A3000B66E3B /* CollectionSource+UICollectionViewDelegate.swift */,
				56289DEF211E66AC0041AC8A /* CollectionSource+UICollectionViewDelegateFlowLayout.swift */,
			);
			path = CollectionSource;
			sourceTree = "<group>";
		};
		56289DF5211F28650041AC8A /* Descriptors */ = {
			isa = PBXGroup;
			children = (
				569D8803214F00B200DB9F9E /* CollectionDescriptor.swift */,
				56289DF6211F28780041AC8A /* Descriptor.swift */,
				56EE073521309D5D0000B7D1 /* DescriptorBuilder.swift */,
				56288A15212DBAE30053C888 /* DescriptorConfiguration.swift */,
				5673B43521222F5C008741A6 /* DescriptorFactory.swift */,
			);
			path = Descriptors;
			sourceTree = "<group>";
		};
		56289DFA211F34030041AC8A /* Sizes */ = {
			isa = PBXGroup;
			children = (
				5673B43E21223557008741A6 /* AutolayoutSize.swift */,
				5673B43B21223557008741A6 /* CompositeSize.swift */,
				5673B43D21223557008741A6 /* ContainerSize.swift */,
				5673B43921223557008741A6 /* FixedSize.swift */,
				5673B43A21223557008741A6 /* SegmentedSize.swift */,
				56289DFB211F340D0041AC8A /* Sizeable.swift */,
				5673B43C21223557008741A6 /* TableSize.swift */,
			);
			path = Sizes;
			sourceTree = "<group>";
		};
		56289DFD211F39240041AC8A /* Binders */ = {
			isa = PBXGroup;
			children = (
				56EE07452130A8C90000B7D1 /* AnyBinder.swift */,
				56289E00211F39460041AC8A /* Bindable.swift */,
				56289DFE211F392F0041AC8A /* Binder.swift */,
				56289E02211F395E0041AC8A /* CellBinder.swift */,
				56EE07412130A8150000B7D1 /* ModelBinder.swift */,
				5673AF6122935C19009687DD /* ClosureBinder.swift */,
			);
			path = Binders;
			sourceTree = "<group>";
		};
		5645EFCB211E22BD00B66E3B = {
			isa = PBXGroup;
			children = (
				5645EFD7211E22BD00B66E3B /* PulsarKit */,
				5645EFE2211E22BD00B66E3B /* PulsarKitTests */,
				5645EFD6211E22BD00B66E3B /* Products */,
			);
			sourceTree = "<group>";
		};
		5645EFD6211E22BD00B66E3B /* Products */ = {
			isa = PBXGroup;
			children = (
				5645EFD5211E22BD00B66E3B /* PulsarKit.framework */,
				5645EFDE211E22BD00B66E3B /* PulsarKitTests.xctest */,
			);
			name = Products;
			sourceTree = "<group>";
		};
		5645EFD7211E22BD00B66E3B /* PulsarKit */ = {
			isa = PBXGroup;
			children = (
				5645EFD8211E22BD00B66E3B /* PulsarKit.h */,
				5645EFD9211E22BD00B66E3B /* Info.plist */,
				5645EFEF211E22D900B66E3B /* Sources */,
			);
			path = PulsarKit;
			sourceTree = "<group>";
		};
		5645EFE2211E22BD00B66E3B /* PulsarKitTests */ = {
			isa = PBXGroup;
			children = (
				5645EFE5211E22BD00B66E3B /* Info.plist */,
				5615AB1721237ED60047664F /* Models */,
				5615AB1821237EDD0047664F /* Tests */,
			);
			path = PulsarKitTests;
			sourceTree = "<group>";
		};
		5645EFEF211E22D900B66E3B /* Sources */ = {
			isa = PBXGroup;
			children = (
				5673B433212222C5008741A6 /* ChangeSet.swift */,
				5645EFF2211E231600B66E3B /* Source.swift */,
				56289DED211E33AB0041AC8A /* SourceDiff.swift */,
				5615AB15212377D10047664F /* SourceDiff+Section.swift */,
				5645EFF4211E233700B66E3B /* SourceSection.swift */,
				56FB0048230419D5004BDA58 /* SourceSection+Models.swift */,
				56289DFD211F39240041AC8A /* Binders */,
				56289DEC211E2DC20041AC8A /* CollectionSource */,
				56E87272214C7A080011E625 /* Contexts */,
				56289DF5211F28650041AC8A /* Descriptors */,
				56289DE9211E2CD50041AC8A /* Extensions */,
				560081E32229759700EEC6C2 /* Plugin */,
				56289DFA211F34030041AC8A /* Sizes */,
				56D542622182495100A70C20 /* ViewControllers */,
			);
			path = Sources;
			sourceTree = "<group>";
		};
		56B7F89F2131A5C300C9D0F6 /* Plugins */ = {
			isa = PBXGroup;
			children = (
				560081E12229743B00EEC6C2 /* GroupedCollectionPlugin.swift */,
				567533D12226EF3B003C5BD8 /* InfiniteScrollingPlugin.swift */,
				56B7F8A02131A5D200C9D0F6 /* KeyboardHandlerPlugin.swift */,
				56B7F8A62131AB0F00C9D0F6 /* PageControlPlugin.swift */,
			);
			path = Plugins;
			sourceTree = "<group>";
		};
		56D542622182495100A70C20 /* ViewControllers */ = {
			isa = PBXGroup;
			children = (
				56D542632182496900A70C20 /* CollectionSourceViewController.swift */,
			);
			path = ViewControllers;
			sourceTree = "<group>";
		};
		56E87272214C7A080011E625 /* Contexts */ = {
			isa = PBXGroup;
			children = (
				564658BC216912F100B5EBAD /* ActionContext.swift */,
				564658BE2169130300B5EBAD /* CellContext.swift */,
				56E87273214C7A300011E625 /* StandardContext.swift */,
				567533D32226F770003C5BD8 /* ScrollContext.swift */,
			);
			path = Contexts;
			sourceTree = "<group>";
		};
/* End PBXGroup section */

/* Begin PBXHeadersBuildPhase section */
		5645EFD2211E22BD00B66E3B /* Headers */ = {
			isa = PBXHeadersBuildPhase;
			buildActionMask = 2147483647;
			files = (
				5645EFE6211E22BD00B66E3B /* PulsarKit.h in Headers */,
			);
			runOnlyForDeploymentPostprocessing = 0;
		};
/* End PBXHeadersBuildPhase section */

/* Begin PBXNativeTarget section */
		5645EFD4211E22BD00B66E3B /* PulsarKit */ = {
			isa = PBXNativeTarget;
			buildConfigurationList = 5645EFE9211E22BD00B66E3B /* Build configuration list for PBXNativeTarget "PulsarKit" */;
			buildPhases = (
				5645EFD0211E22BD00B66E3B /* Sources */,
				5645EFD1211E22BD00B66E3B /* Frameworks */,
				5645EFD2211E22BD00B66E3B /* Headers */,
				5645EFD3211E22BD00B66E3B /* Resources */,
				56E8726B214C590D0011E625 /* SwiftLint */,
			);
			buildRules = (
			);
			dependencies = (
			);
			name = PulsarKit;
			productName = PulsarKit;
			productReference = 5645EFD5211E22BD00B66E3B /* PulsarKit.framework */;
			productType = "com.apple.product-type.framework";
		};
		5645EFDD211E22BD00B66E3B /* PulsarKitTests */ = {
			isa = PBXNativeTarget;
			buildConfigurationList = 5645EFEC211E22BD00B66E3B /* Build configuration list for PBXNativeTarget "PulsarKitTests" */;
			buildPhases = (
				5645EFDA211E22BD00B66E3B /* Sources */,
				5645EFDB211E22BD00B66E3B /* Frameworks */,
				5645EFDC211E22BD00B66E3B /* Resources */,
			);
			buildRules = (
			);
			dependencies = (
				5645EFE1211E22BD00B66E3B /* PBXTargetDependency */,
			);
			name = PulsarKitTests;
			productName = PulsarKitTests;
			productReference = 5645EFDE211E22BD00B66E3B /* PulsarKitTests.xctest */;
			productType = "com.apple.product-type.bundle.unit-test";
		};
/* End PBXNativeTarget section */

/* Begin PBXProject section */
		5645EFCC211E22BD00B66E3B /* Project object */ = {
			isa = PBXProject;
			attributes = {
				LastSwiftUpdateCheck = 0940;
				LastUpgradeCheck = 0940;
				ORGANIZATIONNAME = Nacoon;
				TargetAttributes = {
					5645EFD4211E22BD00B66E3B = {
						CreatedOnToolsVersion = 9.4.1;
						LastSwiftMigration = 1020;
					};
					5645EFDD211E22BD00B66E3B = {
						CreatedOnToolsVersion = 9.4.1;
						LastSwiftMigration = 1020;
					};
				};
			};
			buildConfigurationList = 5645EFCF211E22BD00B66E3B /* Build configuration list for PBXProject "PulsarKit" */;
			compatibilityVersion = "Xcode 9.3";
			developmentRegion = en;
			hasScannedForEncodings = 0;
			knownRegions = (
				en,
				Base,
			);
			mainGroup = 5645EFCB211E22BD00B66E3B;
			productRefGroup = 5645EFD6211E22BD00B66E3B /* Products */;
			projectDirPath = "";
			projectRoot = "";
			targets = (
				5645EFD4211E22BD00B66E3B /* PulsarKit */,
				5645EFDD211E22BD00B66E3B /* PulsarKitTests */,
			);
		};
/* End PBXProject section */

/* Begin PBXResourcesBuildPhase section */
		5645EFD3211E22BD00B66E3B /* Resources */ = {
			isa = PBXResourcesBuildPhase;
			buildActionMask = 2147483647;
			files = (
			);
			runOnlyForDeploymentPostprocessing = 0;
		};
		5645EFDC211E22BD00B66E3B /* Resources */ = {
			isa = PBXResourcesBuildPhase;
			buildActionMask = 2147483647;
			files = (
			);
			runOnlyForDeploymentPostprocessing = 0;
		};
/* End PBXResourcesBuildPhase section */

/* Begin PBXShellScriptBuildPhase section */
		56E8726B214C590D0011E625 /* SwiftLint */ = {
			isa = PBXShellScriptBuildPhase;
			buildActionMask = 2147483647;
			files = (
			);
			inputFileListPaths = (
			);
			inputPaths = (
			);
			name = SwiftLint;
			outputFileListPaths = (
			);
			outputPaths = (
			);
			runOnlyForDeploymentPostprocessing = 0;
			shellPath = /bin/sh;
			shellScript = "if which swiftlint >/dev/null; then\nswiftlint --config ../.swiftlint.yml --no-cache\nelse\necho \"warning: SwiftLint not installed, download from https://github.com/realm/SwiftLint\"\nfi\n";
		};
/* End PBXShellScriptBuildPhase section */

/* Begin PBXSourcesBuildPhase section */
		5645EFD0211E22BD00B66E3B /* Sources */ = {
			isa = PBXSourcesBuildPhase;
			buildActionMask = 2147483647;
			files = (
				56DA04D421223657006BE217 /* FixedSize.swift in Sources */,
				560081E7222975BF00EEC6C2 /* SourcePluginEvents.swift in Sources */,
				56288A16212DBAE30053C888 /* DescriptorConfiguration.swift in Sources */,
				564658BF2169130300B5EBAD /* CellContext.swift in Sources */,
				564658BB21690EEC00B5EBAD /* CollectionSource+Dispatch.swift in Sources */,
				56DA04D321223657006BE217 /* ContainerSize.swift in Sources */,
				560081F22229DDEA00EEC6C2 /* SourcePluginLifecycle.swift in Sources */,
				56E8726D214C5F7E0011E625 /* Array.swift in Sources */,
				56289E03211F395E0041AC8A /* CellBinder.swift in Sources */,
				56B7F8A32131A84400C9D0F6 /* UIView.swift in Sources */,
				56FB0049230419D5004BDA58 /* SourceSection+Models.swift in Sources */,
				56289E01211F39460041AC8A /* Bindable.swift in Sources */,
				56DA04D621223657006BE217 /* TableSize.swift in Sources */,
				562F15C321431C14006459BE /* CollectionSource+Models.swift in Sources */,
				56DA04D221223657006BE217 /* CompositeSize.swift in Sources */,
				5645EFFC211E29EE00B66E3B /* CollectionSource+UICollectionViewDataSource.swift in Sources */,
				560081E22229743B00EEC6C2 /* GroupedCollectionPlugin.swift in Sources */,
				56DA04D721223657006BE217 /* Sizeable.swift in Sources */,
				56289DFF211F392F0041AC8A /* Binder.swift in Sources */,
				5645EFF3211E231600B66E3B /* Source.swift in Sources */,
				564658BD216912F100B5EBAD /* ActionContext.swift in Sources */,
				56B7F8A52131A8F000C9D0F6 /* SourcePlugin.swift in Sources */,
				5673B434212222C5008741A6 /* ChangeSet.swift in Sources */,
				5615AB16212377D10047664F /* SourceDiff+Section.swift in Sources */,
				56EE073621309D5D0000B7D1 /* DescriptorBuilder.swift in Sources */,
				56289DEE211E33AB0041AC8A /* SourceDiff.swift in Sources */,
				56EE07422130A8150000B7D1 /* ModelBinder.swift in Sources */,
				569D8804214F00B200DB9F9E /* CollectionDescriptor.swift in Sources */,
				569D8802214EF26600DB9F9E /* UIScrollView.swift in Sources */,
				5673B43621222F5C008741A6 /* DescriptorFactory.swift in Sources */,
				567533D22226EF3B003C5BD8 /* InfiniteScrollingPlugin.swift in Sources */,
				5645EFFE211E2A3000B66E3B /* CollectionSource+UICollectionViewDelegate.swift in Sources */,
				5645EFF5211E233700B66E3B /* SourceSection.swift in Sources */,
				56B7F8A12131A5D200C9D0F6 /* KeyboardHandlerPlugin.swift in Sources */,
				56289DF7211F28780041AC8A /* Descriptor.swift in Sources */,
				560081F92229E78F00EEC6C2 /* CollectionSource+Sections.swift in Sources */,
				56B7F8A72131AB0F00C9D0F6 /* PageControlPlugin.swift in Sources */,
				56289DEB211E2CE40041AC8A /* UICollectionView.swift in Sources */,
				56289DF0211E66AC0041AC8A /* CollectionSource+UICollectionViewDelegateFlowLayout.swift in Sources */,
				56E87274214C7A300011E625 /* StandardContext.swift in Sources */,
				56DA04D521223657006BE217 /* SegmentedSize.swift in Sources */,
				56D542642182496900A70C20 /* CollectionSourceViewController.swift in Sources */,
				5645EFF1211E22E900B66E3B /* CollectionSource.swift in Sources */,
				56DA04D121223657006BE217 /* AutolayoutSize.swift in Sources */,
				56EE07462130A8C90000B7D1 /* AnyBinder.swift in Sources */,
				560081E5222975AC00EEC6C2 /* SourcePluginFilter.swift in Sources */,
				567533D42226F770003C5BD8 /* ScrollContext.swift in Sources */,
				56B08A2E213736AA00F8AFF5 /* CollectionEvents.swift in Sources */,
				5673AF6222935C19009687DD /* ClosureBinder.swift in Sources */,
			);
			runOnlyForDeploymentPostprocessing = 0;
		};
		5645EFDA211E22BD00B66E3B /* Sources */ = {
			isa = PBXSourcesBuildPhase;
			buildActionMask = 2147483647;
			files = (
				56EE07402130A4C70000B7D1 /* MyCustomBinder.swift in Sources */,
				56EE073E2130A3800000B7D1 /* MyCustomDescriptor.swift in Sources */,
				56289DF4211E68C40041AC8A /* ModelTests.swift in Sources */,
				56EE073821309F1B0000B7D1 /* DescriptorTests.swift in Sources */,
				56289DF2211E67E50041AC8A /* SectionTests.swift in Sources */,
				56E87271214C62050011E625 /* UICollectionViewDataSourceTests.swift in Sources */,
				5645EFE4211E22BD00B66E3B /* CollectionSourceTests.swift in Sources */,
				56B08A2A21372DEB00F8AFF5 /* PluginTests.swift in Sources */,
				5615AB1A21237EF60047664F /* User.swift in Sources */,
				56EE073A21309F330000B7D1 /* User1CollectionViewCell.swift in Sources */,
				56B4AA69212334EC0099999F /* PerformanceTests.swift in Sources */,
				56B08A2C21372F8600F8AFF5 /* TestPlugin.swift in Sources */,
				5615AB1C21237F0D0047664F /* Product.swift in Sources */,
			);
			runOnlyForDeploymentPostprocessing = 0;
		};
/* End PBXSourcesBuildPhase section */

/* Begin PBXTargetDependency section */
		5645EFE1211E22BD00B66E3B /* PBXTargetDependency */ = {
			isa = PBXTargetDependency;
			target = 5645EFD4211E22BD00B66E3B /* PulsarKit */;
			targetProxy = 5645EFE0211E22BD00B66E3B /* PBXContainerItemProxy */;
		};
/* End PBXTargetDependency section */

/* Begin XCBuildConfiguration section */
		5645EFE7211E22BD00B66E3B /* Debug */ = {
			isa = XCBuildConfiguration;
			buildSettings = {
				ALWAYS_SEARCH_USER_PATHS = NO;
				CLANG_ANALYZER_NONNULL = YES;
				CLANG_ANALYZER_NUMBER_OBJECT_CONVERSION = YES_AGGRESSIVE;
				CLANG_CXX_LANGUAGE_STANDARD = "gnu++14";
				CLANG_CXX_LIBRARY = "libc++";
				CLANG_ENABLE_MODULES = YES;
				CLANG_ENABLE_OBJC_ARC = YES;
				CLANG_ENABLE_OBJC_WEAK = YES;
				CLANG_WARN_BLOCK_CAPTURE_AUTORELEASING = YES;
				CLANG_WARN_BOOL_CONVERSION = YES;
				CLANG_WARN_COMMA = YES;
				CLANG_WARN_CONSTANT_CONVERSION = YES;
				CLANG_WARN_DEPRECATED_OBJC_IMPLEMENTATIONS = YES;
				CLANG_WARN_DIRECT_OBJC_ISA_USAGE = YES_ERROR;
				CLANG_WARN_DOCUMENTATION_COMMENTS = YES;
				CLANG_WARN_EMPTY_BODY = YES;
				CLANG_WARN_ENUM_CONVERSION = YES;
				CLANG_WARN_INFINITE_RECURSION = YES;
				CLANG_WARN_INT_CONVERSION = YES;
				CLANG_WARN_NON_LITERAL_NULL_CONVERSION = YES;
				CLANG_WARN_OBJC_IMPLICIT_RETAIN_SELF = YES;
				CLANG_WARN_OBJC_LITERAL_CONVERSION = YES;
				CLANG_WARN_OBJC_ROOT_CLASS = YES_ERROR;
				CLANG_WARN_RANGE_LOOP_ANALYSIS = YES;
				CLANG_WARN_STRICT_PROTOTYPES = YES;
				CLANG_WARN_SUSPICIOUS_MOVE = YES;
				CLANG_WARN_UNGUARDED_AVAILABILITY = YES_AGGRESSIVE;
				CLANG_WARN_UNREACHABLE_CODE = YES;
				CLANG_WARN__DUPLICATE_METHOD_MATCH = YES;
				CODE_SIGN_IDENTITY = "iPhone Developer";
				COPY_PHASE_STRIP = NO;
				CURRENT_PROJECT_VERSION = 1;
				DEBUG_INFORMATION_FORMAT = dwarf;
				ENABLE_STRICT_OBJC_MSGSEND = YES;
				ENABLE_TESTABILITY = YES;
				GCC_C_LANGUAGE_STANDARD = gnu11;
				GCC_DYNAMIC_NO_PIC = NO;
				GCC_NO_COMMON_BLOCKS = YES;
				GCC_OPTIMIZATION_LEVEL = 0;
				GCC_PREPROCESSOR_DEFINITIONS = (
					"DEBUG=1",
					"$(inherited)",
				);
				GCC_WARN_64_TO_32_BIT_CONVERSION = YES;
				GCC_WARN_ABOUT_RETURN_TYPE = YES_ERROR;
				GCC_WARN_UNDECLARED_SELECTOR = YES;
				GCC_WARN_UNINITIALIZED_AUTOS = YES_AGGRESSIVE;
				GCC_WARN_UNUSED_FUNCTION = YES;
				GCC_WARN_UNUSED_VARIABLE = YES;
				IPHONEOS_DEPLOYMENT_TARGET = 11.4;
				MTL_ENABLE_DEBUG_INFO = YES;
				ONLY_ACTIVE_ARCH = YES;
				SDKROOT = iphoneos;
				SWIFT_ACTIVE_COMPILATION_CONDITIONS = DEBUG;
				SWIFT_OPTIMIZATION_LEVEL = "-Onone";
				VERSIONING_SYSTEM = "apple-generic";
				VERSION_INFO_PREFIX = "";
			};
			name = Debug;
		};
		5645EFE8211E22BD00B66E3B /* Release */ = {
			isa = XCBuildConfiguration;
			buildSettings = {
				ALWAYS_SEARCH_USER_PATHS = NO;
				CLANG_ANALYZER_NONNULL = YES;
				CLANG_ANALYZER_NUMBER_OBJECT_CONVERSION = YES_AGGRESSIVE;
				CLANG_CXX_LANGUAGE_STANDARD = "gnu++14";
				CLANG_CXX_LIBRARY = "libc++";
				CLANG_ENABLE_MODULES = YES;
				CLANG_ENABLE_OBJC_ARC = YES;
				CLANG_ENABLE_OBJC_WEAK = YES;
				CLANG_WARN_BLOCK_CAPTURE_AUTORELEASING = YES;
				CLANG_WARN_BOOL_CONVERSION = YES;
				CLANG_WARN_COMMA = YES;
				CLANG_WARN_CONSTANT_CONVERSION = YES;
				CLANG_WARN_DEPRECATED_OBJC_IMPLEMENTATIONS = YES;
				CLANG_WARN_DIRECT_OBJC_ISA_USAGE = YES_ERROR;
				CLANG_WARN_DOCUMENTATION_COMMENTS = YES;
				CLANG_WARN_EMPTY_BODY = YES;
				CLANG_WARN_ENUM_CONVERSION = YES;
				CLANG_WARN_INFINITE_RECURSION = YES;
				CLANG_WARN_INT_CONVERSION = YES;
				CLANG_WARN_NON_LITERAL_NULL_CONVERSION = YES;
				CLANG_WARN_OBJC_IMPLICIT_RETAIN_SELF = YES;
				CLANG_WARN_OBJC_LITERAL_CONVERSION = YES;
				CLANG_WARN_OBJC_ROOT_CLASS = YES_ERROR;
				CLANG_WARN_RANGE_LOOP_ANALYSIS = YES;
				CLANG_WARN_STRICT_PROTOTYPES = YES;
				CLANG_WARN_SUSPICIOUS_MOVE = YES;
				CLANG_WARN_UNGUARDED_AVAILABILITY = YES_AGGRESSIVE;
				CLANG_WARN_UNREACHABLE_CODE = YES;
				CLANG_WARN__DUPLICATE_METHOD_MATCH = YES;
				CODE_SIGN_IDENTITY = "iPhone Developer";
				COPY_PHASE_STRIP = NO;
				CURRENT_PROJECT_VERSION = 1;
				DEBUG_INFORMATION_FORMAT = "dwarf-with-dsym";
				ENABLE_NS_ASSERTIONS = NO;
				ENABLE_STRICT_OBJC_MSGSEND = YES;
				GCC_C_LANGUAGE_STANDARD = gnu11;
				GCC_NO_COMMON_BLOCKS = YES;
				GCC_WARN_64_TO_32_BIT_CONVERSION = YES;
				GCC_WARN_ABOUT_RETURN_TYPE = YES_ERROR;
				GCC_WARN_UNDECLARED_SELECTOR = YES;
				GCC_WARN_UNINITIALIZED_AUTOS = YES_AGGRESSIVE;
				GCC_WARN_UNUSED_FUNCTION = YES;
				GCC_WARN_UNUSED_VARIABLE = YES;
				IPHONEOS_DEPLOYMENT_TARGET = 11.4;
				MTL_ENABLE_DEBUG_INFO = NO;
				SDKROOT = iphoneos;
				SWIFT_COMPILATION_MODE = wholemodule;
				SWIFT_OPTIMIZATION_LEVEL = "-O";
				VALIDATE_PRODUCT = YES;
				VERSIONING_SYSTEM = "apple-generic";
				VERSION_INFO_PREFIX = "";
			};
			name = Release;
		};
		5645EFEA211E22BD00B66E3B /* Debug */ = {
			isa = XCBuildConfiguration;
			buildSettings = {
				CLANG_ENABLE_MODULES = YES;
				CODE_SIGN_IDENTITY = "";
				CODE_SIGN_STYLE = Automatic;
				DEFINES_MODULE = YES;
				DEVELOPMENT_TEAM = P8PTRS25UF;
				DYLIB_COMPATIBILITY_VERSION = 1;
				DYLIB_CURRENT_VERSION = 1;
				DYLIB_INSTALL_NAME_BASE = "@rpath";
				INFOPLIST_FILE = PulsarKit/Info.plist;
				INSTALL_PATH = "$(LOCAL_LIBRARY_DIR)/Frameworks";
				LD_RUNPATH_SEARCH_PATHS = (
					"$(inherited)",
					"@executable_path/Frameworks",
					"@loader_path/Frameworks",
				);
				OTHER_SWIFT_FLAGS = "-Xfrontend -warn-long-expression-type-checking=300 -Xfrontend -warn-long-function-bodies=300";
				PRODUCT_BUNDLE_IDENTIFIER = net.massimooliviero.PulsarKit;
				PRODUCT_NAME = "$(TARGET_NAME:c99extidentifier)";
				SKIP_INSTALL = YES;
				SWIFT_OPTIMIZATION_LEVEL = "-Onone";
				SWIFT_VERSION = 5.0;
				TARGETED_DEVICE_FAMILY = "1,2";
			};
			name = Debug;
		};
		5645EFEB211E22BD00B66E3B /* Release */ = {
			isa = XCBuildConfiguration;
			buildSettings = {
				CLANG_ENABLE_MODULES = YES;
				CODE_SIGN_IDENTITY = "";
				CODE_SIGN_STYLE = Automatic;
				DEFINES_MODULE = YES;
				DEVELOPMENT_TEAM = P8PTRS25UF;
				DYLIB_COMPATIBILITY_VERSION = 1;
				DYLIB_CURRENT_VERSION = 1;
				DYLIB_INSTALL_NAME_BASE = "@rpath";
				INFOPLIST_FILE = PulsarKit/Info.plist;
				INSTALL_PATH = "$(LOCAL_LIBRARY_DIR)/Frameworks";
				LD_RUNPATH_SEARCH_PATHS = (
					"$(inherited)",
					"@executable_path/Frameworks",
					"@loader_path/Frameworks",
				);
				OTHER_SWIFT_FLAGS = "-Xfrontend -warn-long-expression-type-checking=300 -Xfrontend -warn-long-function-bodies=300";
				PRODUCT_BUNDLE_IDENTIFIER = net.massimooliviero.PulsarKit;
				PRODUCT_NAME = "$(TARGET_NAME:c99extidentifier)";
				SKIP_INSTALL = YES;
				SWIFT_VERSION = 5.0;
				TARGETED_DEVICE_FAMILY = "1,2";
			};
			name = Release;
		};
		5645EFED211E22BD00B66E3B /* Debug */ = {
			isa = XCBuildConfiguration;
			buildSettings = {
				ALWAYS_EMBED_SWIFT_STANDARD_LIBRARIES = YES;
				CODE_SIGN_STYLE = Automatic;
				DEVELOPMENT_TEAM = P8PTRS25UF;
				INFOPLIST_FILE = PulsarKitTests/Info.plist;
				LD_RUNPATH_SEARCH_PATHS = (
					"$(inherited)",
					"@executable_path/Frameworks",
					"@loader_path/Frameworks",
				);
				PRODUCT_BUNDLE_IDENTIFIER = net.massimooliviero.PulsarKitTests;
				PRODUCT_NAME = "$(TARGET_NAME)";
				SWIFT_VERSION = 5.0;
				TARGETED_DEVICE_FAMILY = "1,2";
			};
			name = Debug;
		};
		5645EFEE211E22BD00B66E3B /* Release */ = {
			isa = XCBuildConfiguration;
			buildSettings = {
				ALWAYS_EMBED_SWIFT_STANDARD_LIBRARIES = YES;
				CODE_SIGN_STYLE = Automatic;
				DEVELOPMENT_TEAM = P8PTRS25UF;
				INFOPLIST_FILE = PulsarKitTests/Info.plist;
				LD_RUNPATH_SEARCH_PATHS = (
					"$(inherited)",
					"@executable_path/Frameworks",
					"@loader_path/Frameworks",
				);
				PRODUCT_BUNDLE_IDENTIFIER = net.massimooliviero.PulsarKitTests;
				PRODUCT_NAME = "$(TARGET_NAME)";
				SWIFT_VERSION = 5.0;
				TARGETED_DEVICE_FAMILY = "1,2";
			};
			name = Release;
		};
/* End XCBuildConfiguration section */

/* Begin XCConfigurationList section */
		5645EFCF211E22BD00B66E3B /* Build configuration list for PBXProject "PulsarKit" */ = {
			isa = XCConfigurationList;
			buildConfigurations = (
				5645EFE7211E22BD00B66E3B /* Debug */,
				5645EFE8211E22BD00B66E3B /* Release */,
			);
			defaultConfigurationIsVisible = 0;
			defaultConfigurationName = Release;
		};
		5645EFE9211E22BD00B66E3B /* Build configuration list for PBXNativeTarget "PulsarKit" */ = {
			isa = XCConfigurationList;
			buildConfigurations = (
				5645EFEA211E22BD00B66E3B /* Debug */,
				5645EFEB211E22BD00B66E3B /* Release */,
			);
			defaultConfigurationIsVisible = 0;
			defaultConfigurationName = Release;
		};
		5645EFEC211E22BD00B66E3B /* Build configuration list for PBXNativeTarget "PulsarKitTests" */ = {
			isa = XCConfigurationList;
			buildConfigurations = (
				5645EFED211E22BD00B66E3B /* Debug */,
				5645EFEE211E22BD00B66E3B /* Release */,
			);
			defaultConfigurationIsVisible = 0;
			defaultConfigurationName = Release;
		};
/* End XCConfigurationList section */
	};
	rootObject = 5645EFCC211E22BD00B66E3B /* Project object */;
}
