// !$*UTF8*$!
{
	archiveVersion = 1;
	classes = {
	};
	objectVersion = 50;
	objects = {

/* Begin PBXBuildFile section */
		560081EA22299E9E00EEC6C2 /* MoveSectionsViewController.swift in Sources */ = {isa = PBXBuildFile; fileRef = 560081E922299E9E00EEC6C2 /* MoveSectionsViewController.swift */; };
		560081EC22299F9200EEC6C2 /* UIViewController.swift in Sources */ = {isa = PBXBuildFile; fileRef = 560081EB22299F9200EEC6C2 /* UIViewController.swift */; };
		560081EE2229A19E00EEC6C2 /* MoveViewController.swift in Sources */ = {isa = PBXBuildFile; fileRef = 560081ED2229A19E00EEC6C2 /* MoveViewController.swift */; };
		560081F02229A2EE00EEC6C2 /* Constants.swift in Sources */ = {isa = PBXBuildFile; fileRef = 560081EF2229A2ED00EEC6C2 /* Constants.swift */; };
		560081F52229E07F00EEC6C2 /* InsertViewController.swift in Sources */ = {isa = PBXBuildFile; fileRef = 560081F42229E07F00EEC6C2 /* InsertViewController.swift */; };
		560081F72229E10600EEC6C2 /* UIImage.swift in Sources */ = {isa = PBXBuildFile; fileRef = 560081F62229E10600EEC6C2 /* UIImage.swift */; };
		560081FB2229ED1000EEC6C2 /* PulsarKit.framework in Embed Frameworks */ = {isa = PBXBuildFile; fileRef = 56288A18212DC02F0053C888 /* PulsarKit.framework */; settings = {ATTRIBUTES = (CodeSignOnCopy, RemoveHeadersOnCopy, ); }; };
		56288A19212DC02F0053C888 /* PulsarKit.framework in Frameworks */ = {isa = PBXBuildFile; fileRef = 56288A18212DC02F0053C888 /* PulsarKit.framework */; };
		5642605521824EB300311A75 /* SpaceCollectionViewCell.swift in Sources */ = {isa = PBXBuildFile; fileRef = 5642605321824EB300311A75 /* SpaceCollectionViewCell.swift */; };
		5642605621824EB300311A75 /* SpaceCollectionViewCell.xib in Resources */ = {isa = PBXBuildFile; fileRef = 5642605421824EB300311A75 /* SpaceCollectionViewCell.xib */; };
		5642605821824F1000311A75 /* Space.swift in Sources */ = {isa = PBXBuildFile; fileRef = 5642605721824F1000311A75 /* Space.swift */; };
		5645EF8D211E227C00B66E3B /* AppDelegate.swift in Sources */ = {isa = PBXBuildFile; fileRef = 5645EF8C211E227C00B66E3B /* AppDelegate.swift */; };
		5645EF8F211E227C00B66E3B /* HomeViewController.swift in Sources */ = {isa = PBXBuildFile; fileRef = 5645EF8E211E227C00B66E3B /* HomeViewController.swift */; };
		5645EF92211E227C00B66E3B /* Main.storyboard in Resources */ = {isa = PBXBuildFile; fileRef = 5645EF90211E227C00B66E3B /* Main.storyboard */; };
		5645EF94211E227F00B66E3B /* Assets.xcassets in Resources */ = {isa = PBXBuildFile; fileRef = 5645EF93211E227F00B66E3B /* Assets.xcassets */; };
		5645EF97211E227F00B66E3B /* LaunchScreen.storyboard in Resources */ = {isa = PBXBuildFile; fileRef = 5645EF95211E227F00B66E3B /* LaunchScreen.storyboard */; };
		564658C421691C3500B5EBAD /* SectionCollectionReusableView.swift in Sources */ = {isa = PBXBuildFile; fileRef = 564658C221691C3500B5EBAD /* SectionCollectionReusableView.swift */; };
		564658C521691C3500B5EBAD /* SectionCollectionReusableView.xib in Resources */ = {isa = PBXBuildFile; fileRef = 564658C321691C3500B5EBAD /* SectionCollectionReusableView.xib */; };
		567533D722274A8D003C5BD8 /* UIColor.swift in Sources */ = {isa = PBXBuildFile; fileRef = 567533D622274A8D003C5BD8 /* UIColor.swift */; };
		567533D922274C10003C5BD8 /* MenuItem.swift in Sources */ = {isa = PBXBuildFile; fileRef = 567533D822274C10003C5BD8 /* MenuItem.swift */; };
		567533DC22274C77003C5BD8 /* MenuItemCollectionViewCell.swift in Sources */ = {isa = PBXBuildFile; fileRef = 567533DA22274C77003C5BD8 /* MenuItemCollectionViewCell.swift */; };
		567533DD22274C77003C5BD8 /* MenuItemCollectionViewCell.xib in Resources */ = {isa = PBXBuildFile; fileRef = 567533DB22274C77003C5BD8 /* MenuItemCollectionViewCell.xib */; };
		567533E1222759F8003C5BD8 /* Header.swift in Sources */ = {isa = PBXBuildFile; fileRef = 567533E0222759F8003C5BD8 /* Header.swift */; };
		56D54261218248DB00A70C20 /* MoveItemsViewController.swift in Sources */ = {isa = PBXBuildFile; fileRef = 56D54260218248DB00A70C20 /* MoveItemsViewController.swift */; };
		56EE07482130B1840000B7D1 /* CollectionSourceViewController.swift in Sources */ = {isa = PBXBuildFile; fileRef = 56EE07472130B1840000B7D1 /* CollectionSourceViewController.swift */; };
		56EE074B2130B2C30000B7D1 /* UserCollectionViewCell.swift in Sources */ = {isa = PBXBuildFile; fileRef = 56EE07492130B2C30000B7D1 /* UserCollectionViewCell.swift */; };
		56EE074C2130B2C30000B7D1 /* UserCollectionViewCell.xib in Resources */ = {isa = PBXBuildFile; fileRef = 56EE074A2130B2C30000B7D1 /* UserCollectionViewCell.xib */; };
		56EE074F2130B2FE0000B7D1 /* User.swift in Sources */ = {isa = PBXBuildFile; fileRef = 56EE074E2130B2FE0000B7D1 /* User.swift */; };
/* End PBXBuildFile section */

/* Begin PBXCopyFilesBuildPhase section */
		560081FC2229ED1000EEC6C2 /* Embed Frameworks */ = {
			isa = PBXCopyFilesBuildPhase;
			buildActionMask = 2147483647;
			dstPath = "";
			dstSubfolderSpec = 10;
			files = (
				560081FB2229ED1000EEC6C2 /* PulsarKit.framework in Embed Frameworks */,
			);
			name = "Embed Frameworks";
			runOnlyForDeploymentPostprocessing = 0;
		};
/* End PBXCopyFilesBuildPhase section */

/* Begin PBXFileReference section */
		560081E922299E9E00EEC6C2 /* MoveSectionsViewController.swift */ = {isa = PBXFileReference; lastKnownFileType = sourcecode.swift; path = MoveSectionsViewController.swift; sourceTree = "<group>"; };
		560081EB22299F9200EEC6C2 /* UIViewController.swift */ = {isa = PBXFileReference; lastKnownFileType = sourcecode.swift; path = UIViewController.swift; sourceTree = "<group>"; };
		560081ED2229A19E00EEC6C2 /* MoveViewController.swift */ = {isa = PBXFileReference; lastKnownFileType = sourcecode.swift; path = MoveViewController.swift; sourceTree = "<group>"; };
		560081EF2229A2ED00EEC6C2 /* Constants.swift */ = {isa = PBXFileReference; lastKnownFileType = sourcecode.swift; path = Constants.swift; sourceTree = "<group>"; };
		560081F42229E07F00EEC6C2 /* InsertViewController.swift */ = {isa = PBXFileReference; lastKnownFileType = sourcecode.swift; path = InsertViewController.swift; sourceTree = "<group>"; };
		560081F62229E10600EEC6C2 /* UIImage.swift */ = {isa = PBXFileReference; lastKnownFileType = sourcecode.swift; path = UIImage.swift; sourceTree = "<group>"; };
		56288A18212DC02F0053C888 /* PulsarKit.framework */ = {isa = PBXFileReference; explicitFileType = wrapper.framework; path = PulsarKit.framework; sourceTree = BUILT_PRODUCTS_DIR; };
		5642605321824EB300311A75 /* SpaceCollectionViewCell.swift */ = {isa = PBXFileReference; lastKnownFileType = sourcecode.swift; path = SpaceCollectionViewCell.swift; sourceTree = "<group>"; };
		5642605421824EB300311A75 /* SpaceCollectionViewCell.xib */ = {isa = PBXFileReference; lastKnownFileType = file.xib; path = SpaceCollectionViewCell.xib; sourceTree = "<group>"; };
		5642605721824F1000311A75 /* Space.swift */ = {isa = PBXFileReference; lastKnownFileType = sourcecode.swift; path = Space.swift; sourceTree = "<group>"; };
		5645EF89211E227C00B66E3B /* PulsarKitExample.app */ = {isa = PBXFileReference; explicitFileType = wrapper.application; includeInIndex = 0; path = PulsarKitExample.app; sourceTree = BUILT_PRODUCTS_DIR; };
		5645EF8C211E227C00B66E3B /* AppDelegate.swift */ = {isa = PBXFileReference; lastKnownFileType = sourcecode.swift; path = AppDelegate.swift; sourceTree = "<group>"; };
		5645EF8E211E227C00B66E3B /* HomeViewController.swift */ = {isa = PBXFileReference; lastKnownFileType = sourcecode.swift; path = HomeViewController.swift; sourceTree = "<group>"; };
		5645EF91211E227C00B66E3B /* Base */ = {isa = PBXFileReference; lastKnownFileType = file.storyboard; name = Base; path = Base.lproj/Main.storyboard; sourceTree = "<group>"; };
		5645EF93211E227F00B66E3B /* Assets.xcassets */ = {isa = PBXFileReference; lastKnownFileType = folder.assetcatalog; path = Assets.xcassets; sourceTree = "<group>"; };
		5645EF96211E227F00B66E3B /* Base */ = {isa = PBXFileReference; lastKnownFileType = file.storyboard; name = Base; path = Base.lproj/LaunchScreen.storyboard; sourceTree = "<group>"; };
		5645EF98211E227F00B66E3B /* Info.plist */ = {isa = PBXFileReference; lastKnownFileType = text.plist.xml; path = Info.plist; sourceTree = "<group>"; };
		564658C221691C3500B5EBAD /* SectionCollectionReusableView.swift */ = {isa = PBXFileReference; lastKnownFileType = sourcecode.swift; path = SectionCollectionReusableView.swift; sourceTree = "<group>"; };
		564658C321691C3500B5EBAD /* SectionCollectionReusableView.xib */ = {isa = PBXFileReference; lastKnownFileType = file.xib; path = SectionCollectionReusableView.xib; sourceTree = "<group>"; };
		567533D622274A8D003C5BD8 /* UIColor.swift */ = {isa = PBXFileReference; lastKnownFileType = sourcecode.swift; path = UIColor.swift; sourceTree = "<group>"; };
		567533D822274C10003C5BD8 /* MenuItem.swift */ = {isa = PBXFileReference; lastKnownFileType = sourcecode.swift; path = MenuItem.swift; sourceTree = "<group>"; };
		567533DA22274C77003C5BD8 /* MenuItemCollectionViewCell.swift */ = {isa = PBXFileReference; lastKnownFileType = sourcecode.swift; path = MenuItemCollectionViewCell.swift; sourceTree = "<group>"; };
		567533DB22274C77003C5BD8 /* MenuItemCollectionViewCell.xib */ = {isa = PBXFileReference; lastKnownFileType = file.xib; path = MenuItemCollectionViewCell.xib; sourceTree = "<group>"; };
		567533E0222759F8003C5BD8 /* Header.swift */ = {isa = PBXFileReference; lastKnownFileType = sourcecode.swift; path = Header.swift; sourceTree = "<group>"; };
		56D54260218248DB00A70C20 /* MoveItemsViewController.swift */ = {isa = PBXFileReference; lastKnownFileType = sourcecode.swift; path = MoveItemsViewController.swift; sourceTree = "<group>"; };
		56EE07472130B1840000B7D1 /* CollectionSourceViewController.swift */ = {isa = PBXFileReference; lastKnownFileType = sourcecode.swift; path = CollectionSourceViewController.swift; sourceTree = "<group>"; };
		56EE07492130B2C30000B7D1 /* UserCollectionViewCell.swift */ = {isa = PBXFileReference; lastKnownFileType = sourcecode.swift; path = UserCollectionViewCell.swift; sourceTree = "<group>"; };
		56EE074A2130B2C30000B7D1 /* UserCollectionViewCell.xib */ = {isa = PBXFileReference; lastKnownFileType = file.xib; path = UserCollectionViewCell.xib; sourceTree = "<group>"; };
		56EE074E2130B2FE0000B7D1 /* User.swift */ = {isa = PBXFileReference; lastKnownFileType = sourcecode.swift; path = User.swift; sourceTree = "<group>"; };
		56EE0756213186DE0000B7D1 /* MyPlayground.playground */ = {isa = PBXFileReference; lastKnownFileType = file.playground; path = MyPlayground.playground; sourceTree = "<group>"; xcLanguageSpecificationIdentifier = xcode.lang.swift; };
/* End PBXFileReference section */

/* Begin PBXFrameworksBuildPhase section */
		5645EF86211E227C00B66E3B /* Frameworks */ = {
			isa = PBXFrameworksBuildPhase;
			buildActionMask = 2147483647;
			files = (
				56288A19212DC02F0053C888 /* PulsarKit.framework in Frameworks */,
			);
			runOnlyForDeploymentPostprocessing = 0;
		};
/* End PBXFrameworksBuildPhase section */

/* Begin PBXGroup section */
		560081E822299E4D00EEC6C2 /* Move */ = {
			isa = PBXGroup;
			children = (
				56D54260218248DB00A70C20 /* MoveItemsViewController.swift */,
				560081E922299E9E00EEC6C2 /* MoveSectionsViewController.swift */,
				560081ED2229A19E00EEC6C2 /* MoveViewController.swift */,
			);
			path = Move;
			sourceTree = "<group>";
		};
		560081F32229E02800EEC6C2 /* Insert */ = {
			isa = PBXGroup;
			children = (
				560081F42229E07F00EEC6C2 /* InsertViewController.swift */,
			);
			path = Insert;
			sourceTree = "<group>";
		};
		56288A17212DC02F0053C888 /* Frameworks */ = {
			isa = PBXGroup;
			children = (
				56288A18212DC02F0053C888 /* PulsarKit.framework */,
			);
			name = Frameworks;
			sourceTree = "<group>";
		};
		5645EF80211E227C00B66E3B = {
			isa = PBXGroup;
			children = (
				5645EF8B211E227C00B66E3B /* PulsarKitExample */,
				5645EF8A211E227C00B66E3B /* Products */,
				56288A17212DC02F0053C888 /* Frameworks */,
			);
			sourceTree = "<group>";
		};
		5645EF8A211E227C00B66E3B /* Products */ = {
			isa = PBXGroup;
			children = (
				5645EF89211E227C00B66E3B /* PulsarKitExample.app */,
			);
			name = Products;
			sourceTree = "<group>";
		};
		5645EF8B211E227C00B66E3B /* PulsarKitExample */ = {
			isa = PBXGroup;
			children = (
				56B7F89D2131979C00C9D0F6 /* Application */,
				56B7F89E213197AB00C9D0F6 /* Cells */,
				56B7F89C2131978A00C9D0F6 /* Controllers */,
				567533D522274A7C003C5BD8 /* Helpers */,
				56EE074D2130B2F50000B7D1 /* Models */,
				56B7F89B2131977D00C9D0F6 /* Resources */,
			);
			path = PulsarKitExample;
			sourceTree = "<group>";
		};
		567533D522274A7C003C5BD8 /* Helpers */ = {
			isa = PBXGroup;
			children = (
				567533D622274A8D003C5BD8 /* UIColor.swift */,
				560081EB22299F9200EEC6C2 /* UIViewController.swift */,
				560081EF2229A2ED00EEC6C2 /* Constants.swift */,
				560081F62229E10600EEC6C2 /* UIImage.swift */,
			);
			path = Helpers;
			sourceTree = "<group>";
		};
		567533DE22274C81003C5BD8 /* MenuItem */ = {
			isa = PBXGroup;
			children = (
				567533DA22274C77003C5BD8 /* MenuItemCollectionViewCell.swift */,
				567533DB22274C77003C5BD8 /* MenuItemCollectionViewCell.xib */,
			);
			path = MenuItem;
			sourceTree = "<group>";
		};
		567533DF222758F2003C5BD8 /* Section */ = {
			isa = PBXGroup;
			children = (
				564658C221691C3500B5EBAD /* SectionCollectionReusableView.swift */,
				564658C321691C3500B5EBAD /* SectionCollectionReusableView.xib */,
			);
			path = Section;
			sourceTree = "<group>";
		};
		567533E42227E0DC003C5BD8 /* User */ = {
			isa = PBXGroup;
			children = (
				56EE07492130B2C30000B7D1 /* UserCollectionViewCell.swift */,
				56EE074A2130B2C30000B7D1 /* UserCollectionViewCell.xib */,
			);
			path = User;
			sourceTree = "<group>";
		};
		567533E52227E0E3003C5BD8 /* Space */ = {
			isa = PBXGroup;
			children = (
				5642605321824EB300311A75 /* SpaceCollectionViewCell.swift */,
				5642605421824EB300311A75 /* SpaceCollectionViewCell.xib */,
			);
			path = Space;
			sourceTree = "<group>";
		};
		56B7F89B2131977D00C9D0F6 /* Resources */ = {
			isa = PBXGroup;
			children = (
				56EE0756213186DE0000B7D1 /* MyPlayground.playground */,
				5645EF93211E227F00B66E3B /* Assets.xcassets */,
				5645EF95211E227F00B66E3B /* LaunchScreen.storyboard */,
			);
			path = Resources;
			sourceTree = "<group>";
		};
		56B7F89C2131978A00C9D0F6 /* Controllers */ = {
			isa = PBXGroup;
			children = (
				560081F32229E02800EEC6C2 /* Insert */,
				560081E822299E4D00EEC6C2 /* Move */,
				56EE07472130B1840000B7D1 /* CollectionSourceViewController.swift */,
				5645EF8E211E227C00B66E3B /* HomeViewController.swift */,
			);
			path = Controllers;
			sourceTree = "<group>";
		};
		56B7F89D2131979C00C9D0F6 /* Application */ = {
			isa = PBXGroup;
			children = (
				5645EF8C211E227C00B66E3B /* AppDelegate.swift */,
				5645EF98211E227F00B66E3B /* Info.plist */,
				5645EF90211E227C00B66E3B /* Main.storyboard */,
			);
			path = Application;
			sourceTree = "<group>";
		};
		56B7F89E213197AB00C9D0F6 /* Cells */ = {
			isa = PBXGroup;
			children = (
				567533DE22274C81003C5BD8 /* MenuItem */,
				567533DF222758F2003C5BD8 /* Section */,
				567533E52227E0E3003C5BD8 /* Space */,
				567533E42227E0DC003C5BD8 /* User */,
			);
			path = Cells;
			sourceTree = "<group>";
		};
		56EE074D2130B2F50000B7D1 /* Models */ = {
			isa = PBXGroup;
			children = (
				56EE074E2130B2FE0000B7D1 /* User.swift */,
				5642605721824F1000311A75 /* Space.swift */,
				567533D822274C10003C5BD8 /* MenuItem.swift */,
				567533E0222759F8003C5BD8 /* Header.swift */,
			);
			path = Models;
			sourceTree = "<group>";
		};
/* End PBXGroup section */

/* Begin PBXNativeTarget section */
		5645EF88211E227C00B66E3B /* PulsarKitExample */ = {
			isa = PBXNativeTarget;
			buildConfigurationList = 5645EF9B211E227F00B66E3B /* Build configuration list for PBXNativeTarget "PulsarKitExample" */;
			buildPhases = (
				5645EF85211E227C00B66E3B /* Sources */,
				5645EF86211E227C00B66E3B /* Frameworks */,
				5645EF87211E227C00B66E3B /* Resources */,
				560081FC2229ED1000EEC6C2 /* Embed Frameworks */,
			);
			buildRules = (
			);
			dependencies = (
			);
			name = PulsarKitExample;
			productName = PulsarKitExample;
			productReference = 5645EF89211E227C00B66E3B /* PulsarKitExample.app */;
			productType = "com.apple.product-type.application";
		};
/* End PBXNativeTarget section */

/* Begin PBXProject section */
		5645EF81211E227C00B66E3B /* Project object */ = {
			isa = PBXProject;
			attributes = {
				LastSwiftUpdateCheck = 0940;
				LastUpgradeCheck = 0940;
				ORGANIZATIONNAME = Nacoon;
				TargetAttributes = {
					5645EF88211E227C00B66E3B = {
						CreatedOnToolsVersion = 9.4.1;
						LastSwiftMigration = 1000;
					};
				};
			};
			buildConfigurationList = 5645EF84211E227C00B66E3B /* Build configuration list for PBXProject "PulsarKitExample" */;
			compatibilityVersion = "Xcode 9.3";
			developmentRegion = en;
			hasScannedForEncodings = 0;
			knownRegions = (
				en,
				Base,
			);
			mainGroup = 5645EF80211E227C00B66E3B;
			productRefGroup = 5645EF8A211E227C00B66E3B /* Products */;
			projectDirPath = "";
			projectRoot = "";
			targets = (
				5645EF88211E227C00B66E3B /* PulsarKitExample */,
			);
		};
/* End PBXProject section */

/* Begin PBXResourcesBuildPhase section */
		5645EF87211E227C00B66E3B /* Resources */ = {
			isa = PBXResourcesBuildPhase;
			buildActionMask = 2147483647;
			files = (
				5645EF97211E227F00B66E3B /* LaunchScreen.storyboard in Resources */,
				56EE074C2130B2C30000B7D1 /* UserCollectionViewCell.xib in Resources */,
				5645EF94211E227F00B66E3B /* Assets.xcassets in Resources */,
				567533DD22274C77003C5BD8 /* MenuItemCollectionViewCell.xib in Resources */,
				5645EF92211E227C00B66E3B /* Main.storyboard in Resources */,
				564658C521691C3500B5EBAD /* SectionCollectionReusableView.xib in Resources */,
				5642605621824EB300311A75 /* SpaceCollectionViewCell.xib in Resources */,
			);
			runOnlyForDeploymentPostprocessing = 0;
		};
/* End PBXResourcesBuildPhase section */

/* Begin PBXSourcesBuildPhase section */
		5645EF85211E227C00B66E3B /* Sources */ = {
			isa = PBXSourcesBuildPhase;
			buildActionMask = 2147483647;
			files = (
				5645EF8F211E227C00B66E3B /* HomeViewController.swift in Sources */,
				560081F02229A2EE00EEC6C2 /* Constants.swift in Sources */,
				567533E1222759F8003C5BD8 /* Header.swift in Sources */,
				560081F52229E07F00EEC6C2 /* InsertViewController.swift in Sources */,
				564658C421691C3500B5EBAD /* SectionCollectionReusableView.swift in Sources */,
				56EE074B2130B2C30000B7D1 /* UserCollectionViewCell.swift in Sources */,
				5642605521824EB300311A75 /* SpaceCollectionViewCell.swift in Sources */,
				56D54261218248DB00A70C20 /* MoveItemsViewController.swift in Sources */,
				56EE07482130B1840000B7D1 /* CollectionSourceViewController.swift in Sources */,
				56EE074F2130B2FE0000B7D1 /* User.swift in Sources */,
				5645EF8D211E227C00B66E3B /* AppDelegate.swift in Sources */,
				560081EE2229A19E00EEC6C2 /* MoveViewController.swift in Sources */,
				567533DC22274C77003C5BD8 /* MenuItemCollectionViewCell.swift in Sources */,
				560081EA22299E9E00EEC6C2 /* MoveSectionsViewController.swift in Sources */,
				567533D922274C10003C5BD8 /* MenuItem.swift in Sources */,
				5642605821824F1000311A75 /* Space.swift in Sources */,
				560081F72229E10600EEC6C2 /* UIImage.swift in Sources */,
				567533D722274A8D003C5BD8 /* UIColor.swift in Sources */,
				560081EC22299F9200EEC6C2 /* UIViewController.swift in Sources */,
			);
			runOnlyForDeploymentPostprocessing = 0;
		};
/* End PBXSourcesBuildPhase section */

/* Begin PBXVariantGroup section */
		5645EF90211E227C00B66E3B /* Main.storyboard */ = {
			isa = PBXVariantGroup;
			children = (
				5645EF91211E227C00B66E3B /* Base */,
			);
			name = Main.storyboard;
			sourceTree = "<group>";
		};
		5645EF95211E227F00B66E3B /* LaunchScreen.storyboard */ = {
			isa = PBXVariantGroup;
			children = (
				5645EF96211E227F00B66E3B /* Base */,
			);
			name = LaunchScreen.storyboard;
			sourceTree = "<group>";
		};
/* End PBXVariantGroup section */

/* Begin XCBuildConfiguration section */
		5645EF99211E227F00B66E3B /* Debug */ = {
			isa = XCBuildConfiguration;
			buildSettings = {
				ALWAYS_SEARCH_USER_PATHS = NO;
				CLANG_ANALYZER_NONNULL = YES;
				CLANG_ANALYZER_NUMBER_OBJECT_CONVERSION = YES_AGGRESSIVE;
				CLANG_CXX_LANGUAGE_STANDARD = "gnu++14";
				CLANG_CXX_LIBRARY = "libc++";
				CLANG_ENABLE_MODULES = YES;
				CLANG_ENABLE_OBJC_ARC = YES;
				CLANG_ENABLE_OBJC_WEAK = YES;
				CLANG_WARN_BLOCK_CAPTURE_AUTORELEASING = YES;
				CLANG_WARN_BOOL_CONVERSION = YES;
				CLANG_WARN_COMMA = YES;
				CLANG_WARN_CONSTANT_CONVERSION = YES;
				CLANG_WARN_DEPRECATED_OBJC_IMPLEMENTATIONS = YES;
				CLANG_WARN_DIRECT_OBJC_ISA_USAGE = YES_ERROR;
				CLANG_WARN_DOCUMENTATION_COMMENTS = YES;
				CLANG_WARN_EMPTY_BODY = YES;
				CLANG_WARN_ENUM_CONVERSION = YES;
				CLANG_WARN_INFINITE_RECURSION = YES;
				CLANG_WARN_INT_CONVERSION = YES;
				CLANG_WARN_NON_LITERAL_NULL_CONVERSION = YES;
				CLANG_WARN_OBJC_IMPLICIT_RETAIN_SELF = YES;
				CLANG_WARN_OBJC_LITERAL_CONVERSION = YES;
				CLANG_WARN_OBJC_ROOT_CLASS = YES_ERROR;
				CLANG_WARN_RANGE_LOOP_ANALYSIS = YES;
				CLANG_WARN_STRICT_PROTOTYPES = YES;
				CLANG_WARN_SUSPICIOUS_MOVE = YES;
				CLANG_WARN_UNGUARDED_AVAILABILITY = YES_AGGRESSIVE;
				CLANG_WARN_UNREACHABLE_CODE = YES;
				CLANG_WARN__DUPLICATE_METHOD_MATCH = YES;
				CODE_SIGN_IDENTITY = "iPhone Developer";
				COPY_PHASE_STRIP = NO;
				DEBUG_INFORMATION_FORMAT = dwarf;
				ENABLE_STRICT_OBJC_MSGSEND = YES;
				ENABLE_TESTABILITY = YES;
				GCC_C_LANGUAGE_STANDARD = gnu11;
				GCC_DYNAMIC_NO_PIC = NO;
				GCC_NO_COMMON_BLOCKS = YES;
				GCC_OPTIMIZATION_LEVEL = 0;
				GCC_PREPROCESSOR_DEFINITIONS = (
					"DEBUG=1",
					"$(inherited)",
				);
				GCC_WARN_64_TO_32_BIT_CONVERSION = YES;
				GCC_WARN_ABOUT_RETURN_TYPE = YES_ERROR;
				GCC_WARN_UNDECLARED_SELECTOR = YES;
				GCC_WARN_UNINITIALIZED_AUTOS = YES_AGGRESSIVE;
				GCC_WARN_UNUSED_FUNCTION = YES;
				GCC_WARN_UNUSED_VARIABLE = YES;
				IPHONEOS_DEPLOYMENT_TARGET = 11.4;
				MTL_ENABLE_DEBUG_INFO = YES;
				ONLY_ACTIVE_ARCH = YES;
				SDKROOT = iphoneos;
				SWIFT_ACTIVE_COMPILATION_CONDITIONS = DEBUG;
				SWIFT_OPTIMIZATION_LEVEL = "-Onone";
			};
			name = Debug;
		};
		5645EF9A211E227F00B66E3B /* Release */ = {
			isa = XCBuildConfiguration;
			buildSettings = {
				ALWAYS_SEARCH_USER_PATHS = NO;
				CLANG_ANALYZER_NONNULL = YES;
				CLANG_ANALYZER_NUMBER_OBJECT_CONVERSION = YES_AGGRESSIVE;
				CLANG_CXX_LANGUAGE_STANDARD = "gnu++14";
				CLANG_CXX_LIBRARY = "libc++";
				CLANG_ENABLE_MODULES = YES;
				CLANG_ENABLE_OBJC_ARC = YES;
				CLANG_ENABLE_OBJC_WEAK = YES;
				CLANG_WARN_BLOCK_CAPTURE_AUTORELEASING = YES;
				CLANG_WARN_BOOL_CONVERSION = YES;
				CLANG_WARN_COMMA = YES;
				CLANG_WARN_CONSTANT_CONVERSION = YES;
				CLANG_WARN_DEPRECATED_OBJC_IMPLEMENTATIONS = YES;
				CLANG_WARN_DIRECT_OBJC_ISA_USAGE = YES_ERROR;
				CLANG_WARN_DOCUMENTATION_COMMENTS = YES;
				CLANG_WARN_EMPTY_BODY = YES;
				CLANG_WARN_ENUM_CONVERSION = YES;
				CLANG_WARN_INFINITE_RECURSION = YES;
				CLANG_WARN_INT_CONVERSION = YES;
				CLANG_WARN_NON_LITERAL_NULL_CONVERSION = YES;
				CLANG_WARN_OBJC_IMPLICIT_RETAIN_SELF = YES;
				CLANG_WARN_OBJC_LITERAL_CONVERSION = YES;
				CLANG_WARN_OBJC_ROOT_CLASS = YES_ERROR;
				CLANG_WARN_RANGE_LOOP_ANALYSIS = YES;
				CLANG_WARN_STRICT_PROTOTYPES = YES;
				CLANG_WARN_SUSPICIOUS_MOVE = YES;
				CLANG_WARN_UNGUARDED_AVAILABILITY = YES_AGGRESSIVE;
				CLANG_WARN_UNREACHABLE_CODE = YES;
				CLANG_WARN__DUPLICATE_METHOD_MATCH = YES;
				CODE_SIGN_IDENTITY = "iPhone Developer";
				COPY_PHASE_STRIP = NO;
				DEBUG_INFORMATION_FORMAT = "dwarf-with-dsym";
				ENABLE_NS_ASSERTIONS = NO;
				ENABLE_STRICT_OBJC_MSGSEND = YES;
				GCC_C_LANGUAGE_STANDARD = gnu11;
				GCC_NO_COMMON_BLOCKS = YES;
				GCC_WARN_64_TO_32_BIT_CONVERSION = YES;
				GCC_WARN_ABOUT_RETURN_TYPE = YES_ERROR;
				GCC_WARN_UNDECLARED_SELECTOR = YES;
				GCC_WARN_UNINITIALIZED_AUTOS = YES_AGGRESSIVE;
				GCC_WARN_UNUSED_FUNCTION = YES;
				GCC_WARN_UNUSED_VARIABLE = YES;
				IPHONEOS_DEPLOYMENT_TARGET = 11.4;
				MTL_ENABLE_DEBUG_INFO = NO;
				SDKROOT = iphoneos;
				SWIFT_COMPILATION_MODE = wholemodule;
				SWIFT_OPTIMIZATION_LEVEL = "-O";
				VALIDATE_PRODUCT = YES;
			};
			name = Release;
		};
		5645EF9C211E227F00B66E3B /* Debug */ = {
			isa = XCBuildConfiguration;
			buildSettings = {
				ASSETCATALOG_COMPILER_APPICON_NAME = AppIcon;
				CODE_SIGN_STYLE = Automatic;
				DEVELOPMENT_TEAM = P8PTRS25UF;
				INFOPLIST_FILE = "$(SRCROOT)/PulsarKitExample/Application/Info.plist";
				LD_RUNPATH_SEARCH_PATHS = (
					"$(inherited)",
					"@executable_path/Frameworks",
				);
				PRODUCT_BUNDLE_IDENTIFIER = net.massimooliviero.PulsarKitExample;
				PRODUCT_NAME = "$(TARGET_NAME)";
				SWIFT_VERSION = 4.2;
				TARGETED_DEVICE_FAMILY = "1,2";
			};
			name = Debug;
		};
		5645EF9D211E227F00B66E3B /* Release */ = {
			isa = XCBuildConfiguration;
			buildSettings = {
				ASSETCATALOG_COMPILER_APPICON_NAME = AppIcon;
				CODE_SIGN_STYLE = Automatic;
				DEVELOPMENT_TEAM = P8PTRS25UF;
				INFOPLIST_FILE = "$(SRCROOT)/PulsarKitExample/Application/Info.plist";
				LD_RUNPATH_SEARCH_PATHS = (
					"$(inherited)",
					"@executable_path/Frameworks",
				);
				PRODUCT_BUNDLE_IDENTIFIER = net.massimooliviero.PulsarKitExample;
				PRODUCT_NAME = "$(TARGET_NAME)";
				SWIFT_VERSION = 4.2;
				TARGETED_DEVICE_FAMILY = "1,2";
			};
			name = Release;
		};
/* End XCBuildConfiguration section */

/* Begin XCConfigurationList section */
		5645EF84211E227C00B66E3B /* Build configuration list for PBXProject "PulsarKitExample" */ = {
			isa = XCConfigurationList;
			buildConfigurations = (
				5645EF99211E227F00B66E3B /* Debug */,
				5645EF9A211E227F00B66E3B /* Release */,
			);
			defaultConfigurationIsVisible = 0;
			defaultConfigurationName = Release;
		};
		5645EF9B211E227F00B66E3B /* Build configuration list for PBXNativeTarget "PulsarKitExample" */ = {
			isa = XCConfigurationList;
			buildConfigurations = (
				5645EF9C211E227F00B66E3B /* Debug */,
				5645EF9D211E227F00B66E3B /* Release */,
			);
			defaultConfigurationIsVisible = 0;
			defaultConfigurationName = Release;
		};
/* End XCConfigurationList section */
	};
	rootObject = 5645EF81211E227C00B66E3B /* Project object */;
}
